{
  "nodes": {
    "chisel-nix": {
      "locked": {
        "lastModified": 1740575980,
        "narHash": "sha256-m/mzO4mjJ1qZTPwmfTtoy8lS/Irz91kQ/9ahMVGmKt0=",
        "owner": "chipsalliance",
        "repo": "chisel-nix",
        "rev": "70e6c995014a86e3a9a9c22383c8b8e834705e3f",
        "type": "github"
      },
      "original": {
        "owner": "chipsalliance",
        "ref": "new-mill-flow",
        "repo": "chisel-nix",
        "type": "github"
      }
    },
    "flake-utils": {
      "inputs": {
        "systems": "systems"
      },
      "locked": {
        "lastModified": 1731533236,
        "narHash": "sha256-l0KFg5HjrsfsO/JpG+r7fRrqm12kzFHyUHqHCVpMMbI=",
        "owner": "numtide",
        "repo": "flake-utils",
        "rev": "11707dc2f618dd54ca8739b309ec4fc024de578b",
        "type": "github"
      },
      "original": {
        "owner": "numtide",
        "repo": "flake-utils",
        "type": "github"
      }
    },
    "mill-ivy-fetcher": {
      "inputs": {
        "chisel-nix": "chisel-nix",
        "flake-utils": "flake-utils",
        "nixpkgs": "nixpkgs"
      },
      "locked": {
        "lastModified": 1741021732,
        "narHash": "sha256-/z2BbxfLi9EfjUCw1tJeLoGzAIaiuBDZ33dXtZIChwI=",
        "owner": "Avimitin",
        "repo": "mill-ivy-fetcher",
        "rev": "5dec9c9dc14c70987fd437a2aa554d1ddd7a4ce7",
        "type": "github"
      },
      "original": {
        "owner": "Avimitin",
        "repo": "mill-ivy-fetcher",
        "type": "github"
      }
    },
    "nixpkgs": {
      "locked": {
        "lastModified": 1738961098,
        "narHash": "sha256-yWNBf6VDW38tl179FEuJ0qukthVfB02kv+mRsfUsWC0=",
        "owner": "NixOS",
        "repo": "nixpkgs",
        "rev": "a3eaf5e8eca7cab680b964138fb79073704aca75",
        "type": "github"
      },
      "original": {
        "owner": "NixOS",
        "ref": "nixos-unstable",
        "repo": "nixpkgs",
        "type": "github"
      }
    },
    "root": {
      "inputs": {
        "mill-ivy-fetcher": "mill-ivy-fetcher"
      }
    },
    "systems": {
      "locked": {
        "lastModified": 1681028828,
        "narHash": "sha256-Vy1rq5AaRuLzOxct8nz4T6wlgyUR7zLU309k9mBC768=",
        "owner": "nix-systems",
        "repo": "default",
        "rev": "da67096a3b9bf56a91d16901293e51ba5b49a27e",
        "type": "github"
      },
      "original": {
        "owner": "nix-systems",
        "repo": "default",
        "type": "github"
      }
    }
  },
  "root": "root",
  "version": 7
}
